<?xml version="1.0" encoding="utf-8"?>
<Project ToolsVersion="4.0" xmlns="http://schemas.microsoft.com/developer/msbuild/2003">
  <ItemGroup>
    <Filter Include="소스 파일">
      <UniqueIdentifier>{4FC737F1-C7A5-4376-A066-2A32D752A2FF}</UniqueIdentifier>
      <Extensions>cpp;c;cc;cxx;def;odl;idl;hpj;bat;asm;asmx</Extensions>
    </Filter>
    <Filter Include="헤더 파일">
      <UniqueIdentifier>{93995380-89BD-4b04-88EB-625FBE52EBFB}</UniqueIdentifier>
      <Extensions>h;hh;hpp;hxx;hm;inl;inc;ipp;xsd</Extensions>
    </Filter>
    <Filter Include="리소스 파일">
      <UniqueIdentifier>{67DA6AB6-F800-4c08-8B7A-83BB121AAD01}</UniqueIdentifier>
      <Extensions>rc;ico;cur;bmp;dlg;rc2;rct;bin;rgs;gif;jpg;jpeg;jpe;resx;tiff;tif;png;wav;mfcribbon-ms</Extensions>
    </Filter>
    <Filter Include="소스 파일\Level1">
      <UniqueIdentifier>{d38349af-9254-4466-aa8a-ea319f424ae2}</UniqueIdentifier>
    </Filter>
    <Filter Include="소스 파일\Level2">
      <UniqueIdentifier>{ce7a7f83-b736-43e7-9691-d824c2e5a02e}</UniqueIdentifier>
    </Filter>
    <Filter Include="소스 파일\Level2\스택/큐">
      <UniqueIdentifier>{214b4a72-2257-4f6f-a70e-f8021aae5539}</UniqueIdentifier>
    </Filter>
    <Filter Include="소스 파일\Level2\2018 KAKAO BLIND RECRUITMENT">
      <UniqueIdentifier>{2ee791a0-b839-4be4-a5f7-700f210ddb05}</UniqueIdentifier>
    </Filter>
  </ItemGroup>
  <ItemGroup>
    <ClCompile Include="Level1_3진법 뒤집기%28월간 코드 챌린지 시즌 1%29.cpp">
      <Filter>소스 파일\Level1</Filter>
    </ClCompile>
    <ClCompile Include="Level1_2016년%28연습문제%29.cpp">
      <Filter>소스 파일\Level1</Filter>
    </ClCompile>
    <ClCompile Include="Level1_K번째수%28정렬%29.cpp">
      <Filter>소스 파일\Level1</Filter>
    </ClCompile>
    <ClCompile Include="Level1_가운데 글자 가져오기%28연습문제%29.cpp">
      <Filter>소스 파일\Level1</Filter>
    </ClCompile>
    <ClCompile Include="Level1_같은 숫자는 싫어%28연습문제%29.cpp">
      <Filter>소스 파일\Level1</Filter>
    </ClCompile>
    <ClCompile Include="Level1_나누어 떨어지는 숫자 배열%28연습문제%29.cpp">
      <Filter>소스 파일\Level1</Filter>
    </ClCompile>
    <ClCompile Include="Level1_두 개 뽑아서 더하기%28월간 코드 챌린지 시즌 1%29.cpp">
      <Filter>소스 파일\Level1</Filter>
    </ClCompile>
    <ClCompile Include="Level1_두 정수 사이의 합%28연습문제%29.cpp">
      <Filter>소스 파일\Level1</Filter>
    </ClCompile>
    <ClCompile Include="Level1_모의고사%28완전 탐색%29.cpp">
      <Filter>소스 파일\Level1</Filter>
    </ClCompile>
    <ClCompile Include="Level1_완주하지 못한 선수%28해시%29.cpp">
      <Filter>소스 파일\Level1</Filter>
    </ClCompile>
    <ClCompile Include="Level1_체육복%28탑욕법%28Greedy%29%29.cpp">
      <Filter>소스 파일\Level1</Filter>
    </ClCompile>
    <ClCompile Include="Level1_크레인 인형뽑기 게임%282019 카카오 개발자 겨울 인턴십%29.cpp">
      <Filter>소스 파일\Level1</Filter>
    </ClCompile>
    <ClCompile Include="Level1_문자열 내 p와 y의 개수%28연습문제%29.cpp">
      <Filter>소스 파일\Level1</Filter>
    </ClCompile>
    <ClCompile Include="Level1_문자열 내 마음대로 정렬하기%28연습문제%29.cpp">
      <Filter>소스 파일\Level1</Filter>
    </ClCompile>
    <ClCompile Include="Level1_문자열 내림차순으로 배치하기%28연습문제%29.cpp">
      <Filter>소스 파일\Level1</Filter>
    </ClCompile>
    <ClCompile Include="Level1_문자열 다루기 기본%28연습문제%29.cpp">
      <Filter>소스 파일\Level1</Filter>
    </ClCompile>
    <ClCompile Include="Level1_서울에서 김서방 찾기%28연습문제%29.cpp">
      <Filter>소스 파일\Level1</Filter>
    </ClCompile>
    <ClCompile Include="Level1_소수 찾기%28연습문제%29.cpp">
      <Filter>소스 파일\Level1</Filter>
    </ClCompile>
    <ClCompile Include="Level1_수박수박수박수박수박수%28연습문제%29.cpp">
      <Filter>소스 파일\Level1</Filter>
    </ClCompile>
    <ClCompile Include="Level1_ 내적(월간 코드 챌린지 시즌 1).cpp">
      <Filter>소스 파일\Level1</Filter>
    </ClCompile>
    <ClCompile Include="Level1_약수의 합(연습문제).cpp">
      <Filter>소스 파일\Level1</Filter>
    </ClCompile>
    <ClCompile Include="Level1_시저 암호%28연습문제%29.cpp">
      <Filter>소스 파일\Level1</Filter>
    </ClCompile>
    <ClCompile Include="Level1_이상한 문자 만들기(연습문제).cpp">
      <Filter>소스 파일\Level1</Filter>
    </ClCompile>
    <ClCompile Include="Level1_자릿수 더하기(연습문제).cpp">
      <Filter>소스 파일\Level1</Filter>
    </ClCompile>
    <ClCompile Include="Level1_자연수 뒤집어 배열로 만들기(연습문제).cpp">
      <Filter>소스 파일\Level1</Filter>
    </ClCompile>
    <ClCompile Include="Level1_정수 내림차순으로 배치하기(연습문제).cpp">
      <Filter>소스 파일\Level1</Filter>
    </ClCompile>
    <ClCompile Include="Level1_정수 제곱근 판별(연습문제).cpp">
      <Filter>소스 파일\Level1</Filter>
    </ClCompile>
    <ClCompile Include="Level1_제일 작은 수 제거하기(연습문제).cpp">
      <Filter>소스 파일\Level1</Filter>
    </ClCompile>
    <ClCompile Include="Level1_짝수와 홀수(연습문제).cpp">
      <Filter>소스 파일\Level1</Filter>
    </ClCompile>
    <ClCompile Include="Level1_키패드 누르기(2020 카카오 인턴십).cpp">
      <Filter>소스 파일\Level1</Filter>
    </ClCompile>
    <ClCompile Include="Level1_최대공약수와 최소공배수(연습문제).cpp">
      <Filter>소스 파일\Level1</Filter>
    </ClCompile>
    <ClCompile Include="Level1_콜라츠 추측(연습문제).cpp">
      <Filter>소스 파일\Level1</Filter>
    </ClCompile>
    <ClCompile Include="Level1_하샤드 수(연습문제).cpp">
      <Filter>소스 파일\Level1</Filter>
    </ClCompile>
    <ClCompile Include="Level1_[1차] 비밀지도(2018 KAKAO BLIND RECRUITMENT).cpp">
      <Filter>소스 파일\Level1</Filter>
    </ClCompile>
    <ClCompile Include="Level1_실패율(2019 KAKAO BLIND RECRUITMENT).cpp">
      <Filter>소스 파일\Level1</Filter>
    </ClCompile>
    <ClCompile Include="Level1_[1차] 다트 게임(2018 KAKAO BLIND RECRUITMENT).cpp">
      <Filter>소스 파일\Level1</Filter>
    </ClCompile>
    <ClCompile Include="Level1_신규 아이디 추천(2021 KAKAO BLIND RECRUITMENT).cpp">
      <Filter>소스 파일\Level1</Filter>
    </ClCompile>
    <ClCompile Include="Level2_스택,큐_프린터.cpp">
      <Filter>소스 파일\Level2\스택/큐</Filter>
    </ClCompile>
    <ClCompile Include="Level2_스택,큐_기능개발.cpp">
      <Filter>소스 파일\Level2\스택/큐</Filter>
    </ClCompile>
    <ClCompile Include="Level2_2018 KAKAO BLIND RECRUITMENT_[1차] 뉴스 클러스터링.cpp">
      <Filter>소스 파일\Level2\2018 KAKAO BLIND RECRUITMENT</Filter>
    </ClCompile>
  </ItemGroup>
</Project>